
Microsoft Visual Studio Solution File, Format Version 11.00
# Visual C# Express 2010
Project("{FAE04EC0-301F-11D3-BF4B-00C04F79EFBC}") = "CarControl", "CarControl\CarControl.csproj", "{9263080B-084F-4C25-9668-49F5CC56071F}"
EndProject
Project("{FAE04EC0-301F-11D3-BF4B-00C04F79EFBC}") = "CarControlTest", "CarControlTest\CarControlTest.csproj", "{7E03616B-7FA7-4889-BE38-5FC14D87A8C9}"
EndProject
Global
	GlobalSection(SolutionConfigurationPlatforms) = preSolution
		Debug|Any CPU = Debug|Any CPU
		Release|Any CPU = Release|Any CPU
	EndGlobalSection
	GlobalSection(ProjectConfigurationPlatforms) = postSolution
		{9263080B-084F-4C25-9668-49F5CC56071F}.Debug|Any CPU.ActiveCfg = Debug|Any CPU
		{9263080B-084F-4C25-9668-49F5CC56071F}.Debug|Any CPU.Build.0 = Debug|Any CPU
		{9263080B-084F-4C25-9668-49F5CC56071F}.Release|Any CPU.ActiveCfg = Release|Any CPU
		{9263080B-084F-4C25-9668-49F5CC56071F}.Release|Any CPU.Build.0 = Release|Any CPU
		{7E03616B-7FA7-4889-BE38-5FC14D87A8C9}.Debug|Any CPU.ActiveCfg = Debug|Any CPU
		{7E03616B-7FA7-4889-BE38-5FC14D87A8C9}.Debug|Any CPU.Build.0 = Debug|Any CPU
		{7E03616B-7FA7-4889-BE38-5FC14D87A8C9}.Release|Any CPU.ActiveCfg = Release|Any CPU
		{7E03616B-7FA7-4889-BE38-5FC14D87A8C9}.Release|Any CPU.Build.0 = Release|Any CPU
	EndGlobalSection
	GlobalSection(SolutionProperties) = preSolution
		HideSolutionNode = FALSE
	EndGlobalSection
EndGlobal
